
Microsoft Visual Studio Solution File, Format Version 12.00
# Visual Studio Version 17
VisualStudioVersion = 17.10.34928.147
MinimumVisualStudioVersion = 10.0.40219.1
Project("{2150E333-8FDC-42A3-9474-1A3956D46DE8}") = "Itens de Solução", "Itens de Solução", "{CF5B0092-1911-4323-8162-50C92EEA74E3}"
	ProjectSection(SolutionItems) = preProject
		.gitignore = .gitignore
	EndProjectSection
EndProject
Project("{FAE04EC0-301F-11D3-BF4B-00C04F79EFBC}") = "KancelAPI", "..\KancelAPI\KancelAPI.csproj", "{0411DFD9-97D9-4636-A53F-0B04AC3AD532}"
EndProject
Global
	GlobalSection(SolutionConfigurationPlatforms) = preSolution
		Debug|Any CPU = Debug|Any CPU
		Release|Any CPU = Release|Any CPU
	EndGlobalSection
	GlobalSection(ProjectConfigurationPlatforms) = postSolution
		{0411DFD9-97D9-4636-A53F-0B04AC3AD532}.Debug|Any CPU.ActiveCfg = Debug|Any CPU
		{0411DFD9-97D9-4636-A53F-0B04AC3AD532}.Debug|Any CPU.Build.0 = Debug|Any CPU
		{0411DFD9-97D9-4636-A53F-0B04AC3AD532}.Release|Any CPU.ActiveCfg = Release|Any CPU
		{0411DFD9-97D9-4636-A53F-0B04AC3AD532}.Release|Any CPU.Build.0 = Release|Any CPU
	EndGlobalSection
	GlobalSection(SolutionProperties) = preSolution
		HideSolutionNode = FALSE
	EndGlobalSection
	GlobalSection(ExtensibilityGlobals) = postSolution
		SolutionGuid = {51DA021B-9D0A-45E9-9469-CE04E28815EF}
	EndGlobalSection
EndGlobal
