
Microsoft Visual Studio Solution File, Format Version 12.00
# Visual Studio Version 17
VisualStudioVersion = 17.10.34928.147
MinimumVisualStudioVersion = 10.0.40219.1
Project("{9A19103F-16F7-4668-BE54-9A1E7A4F7556}") = "api_kancel", "api_kancel.csproj", "{2E71E274-B408-4F8D-A374-B5056336BF1B}"
EndProject
Project("{9A19103F-16F7-4668-BE54-9A1E7A4F7556}") = "domain_kancel", "..\domain_kancel\domain_kancel.csproj", "{35B76C8F-944D-4226-B174-A49AEFD7A17B}"
EndProject
Project("{9A19103F-16F7-4668-BE54-9A1E7A4F7556}") = "infra_kancel", "..\infra_kancel\infra_kancel.csproj", "{525C6ED1-4E36-4E62-861F-265B1393F2DF}"
EndProject
Project("{2150E333-8FDC-42A3-9474-1A3956D46DE8}") = "Itens de Solução", "Itens de Solução", "{CF5B0092-1911-4323-8162-50C92EEA74E3}"
	ProjectSection(SolutionItems) = preProject
		.gitignore = .gitignore
	EndProjectSection
EndProject
Global
	GlobalSection(SolutionConfigurationPlatforms) = preSolution
		Debug|Any CPU = Debug|Any CPU
		Release|Any CPU = Release|Any CPU
	EndGlobalSection
	GlobalSection(ProjectConfigurationPlatforms) = postSolution
		{2E71E274-B408-4F8D-A374-B5056336BF1B}.Debug|Any CPU.ActiveCfg = Debug|Any CPU
		{2E71E274-B408-4F8D-A374-B5056336BF1B}.Debug|Any CPU.Build.0 = Debug|Any CPU
		{2E71E274-B408-4F8D-A374-B5056336BF1B}.Release|Any CPU.ActiveCfg = Release|Any CPU
		{2E71E274-B408-4F8D-A374-B5056336BF1B}.Release|Any CPU.Build.0 = Release|Any CPU
		{35B76C8F-944D-4226-B174-A49AEFD7A17B}.Debug|Any CPU.ActiveCfg = Debug|Any CPU
		{35B76C8F-944D-4226-B174-A49AEFD7A17B}.Debug|Any CPU.Build.0 = Debug|Any CPU
		{35B76C8F-944D-4226-B174-A49AEFD7A17B}.Release|Any CPU.ActiveCfg = Release|Any CPU
		{35B76C8F-944D-4226-B174-A49AEFD7A17B}.Release|Any CPU.Build.0 = Release|Any CPU
		{525C6ED1-4E36-4E62-861F-265B1393F2DF}.Debug|Any CPU.ActiveCfg = Debug|Any CPU
		{525C6ED1-4E36-4E62-861F-265B1393F2DF}.Debug|Any CPU.Build.0 = Debug|Any CPU
		{525C6ED1-4E36-4E62-861F-265B1393F2DF}.Release|Any CPU.ActiveCfg = Release|Any CPU
		{525C6ED1-4E36-4E62-861F-265B1393F2DF}.Release|Any CPU.Build.0 = Release|Any CPU
	EndGlobalSection
	GlobalSection(SolutionProperties) = preSolution
		HideSolutionNode = FALSE
	EndGlobalSection
	GlobalSection(ExtensibilityGlobals) = postSolution
		SolutionGuid = {51DA021B-9D0A-45E9-9469-CE04E28815EF}
	EndGlobalSection
EndGlobal
